
Microsoft Visual Studio Solution File, Format Version 12.00
# Visual Studio 2013
VisualStudioVersion = 12.0.40629.0
MinimumVisualStudioVersion = 10.0.40219.1
Project("{FAE04EC0-301F-11D3-BF4B-00C04F79EFBC}") = "GAME.Desktop", "GAME.Desktop\GAME.Desktop.csproj", "{635FB7A7-B72E-4DD3-BD37-DE786C249488}"
	ProjectSection(ProjectDependencies) = postProject
		{E757BC5B-0545-480E-91A5-5EB9BF672236} = {E757BC5B-0545-480E-91A5-5EB9BF672236}
	EndProjectSection
EndProject
Project("{FAE04EC0-301F-11D3-BF4B-00C04F79EFBC}") = "GAME.Modules.Warframe.AlertScanner", "GAME.Modules.AlertScanner\GAME.Modules.Warframe.AlertScanner.csproj", "{E757BC5B-0545-480E-91A5-5EB9BF672236}"
EndProject
Project("{FAE04EC0-301F-11D3-BF4B-00C04F79EFBC}") = "GAME.Common.Core", "GAME.Common\GAME.Common.Core.csproj", "{098A3F2B-DFF3-4593-A750-D0D81C6E708D}"
EndProject
Project("{2150E333-8FDC-42A3-9474-1A3956D46DE8}") = "Modules", "Modules", "{1AF27922-FEF9-4922-946A-E71B4B85AC63}"
EndProject
Project("{2150E333-8FDC-42A3-9474-1A3956D46DE8}") = "Common", "Common", "{C3019F13-AE41-40B4-92C0-EE8929F1E4A0}"
EndProject
Project("{2150E333-8FDC-42A3-9474-1A3956D46DE8}") = "Tests", "Tests", "{66989CD6-46B6-4B87-9E59-20067592AE4C}"
EndProject
Project("{FAE04EC0-301F-11D3-BF4B-00C04F79EFBC}") = "DevTests", "DevTests\DevTests.csproj", "{EF0F707E-63BD-4285-A602-D0AA4308FBC4}"
EndProject
Project("{2150E333-8FDC-42A3-9474-1A3956D46DE8}") = "Solution Items", "Solution Items", "{0D2B7845-0336-4859-AFF0-79E3045768F0}"
	ProjectSection(SolutionItems) = preProject
		Ideas-TODO.txt = Ideas-TODO.txt
		Licence.txt = Licence.txt
	EndProjectSection
EndProject
Project("{FAE04EC0-301F-11D3-BF4B-00C04F79EFBC}") = "GAME.Modules.Warframe.Common", "GAME.Modules.Warframe.Common\GAME.Modules.Warframe.Common.csproj", "{9CE9B800-28E4-4CF2-8F01-0F3D14FB307F}"
EndProject
Project("{2150E333-8FDC-42A3-9474-1A3956D46DE8}") = "Warframe", "Warframe", "{AED6C757-4E5E-45A8-BE9D-9E93FE0E45B2}"
EndProject
Global
	GlobalSection(SolutionConfigurationPlatforms) = preSolution
		Debug|Any CPU = Debug|Any CPU
		Release|Any CPU = Release|Any CPU
	EndGlobalSection
	GlobalSection(ProjectConfigurationPlatforms) = postSolution
		{635FB7A7-B72E-4DD3-BD37-DE786C249488}.Debug|Any CPU.ActiveCfg = Debug|Any CPU
		{635FB7A7-B72E-4DD3-BD37-DE786C249488}.Debug|Any CPU.Build.0 = Debug|Any CPU
		{635FB7A7-B72E-4DD3-BD37-DE786C249488}.Release|Any CPU.ActiveCfg = Release|Any CPU
		{635FB7A7-B72E-4DD3-BD37-DE786C249488}.Release|Any CPU.Build.0 = Release|Any CPU
		{E757BC5B-0545-480E-91A5-5EB9BF672236}.Debug|Any CPU.ActiveCfg = Debug|Any CPU
		{E757BC5B-0545-480E-91A5-5EB9BF672236}.Debug|Any CPU.Build.0 = Debug|Any CPU
		{E757BC5B-0545-480E-91A5-5EB9BF672236}.Release|Any CPU.ActiveCfg = Release|Any CPU
		{E757BC5B-0545-480E-91A5-5EB9BF672236}.Release|Any CPU.Build.0 = Release|Any CPU
		{098A3F2B-DFF3-4593-A750-D0D81C6E708D}.Debug|Any CPU.ActiveCfg = Debug|Any CPU
		{098A3F2B-DFF3-4593-A750-D0D81C6E708D}.Debug|Any CPU.Build.0 = Debug|Any CPU
		{098A3F2B-DFF3-4593-A750-D0D81C6E708D}.Release|Any CPU.ActiveCfg = Release|Any CPU
		{098A3F2B-DFF3-4593-A750-D0D81C6E708D}.Release|Any CPU.Build.0 = Release|Any CPU
		{EF0F707E-63BD-4285-A602-D0AA4308FBC4}.Debug|Any CPU.ActiveCfg = Debug|Any CPU
		{EF0F707E-63BD-4285-A602-D0AA4308FBC4}.Debug|Any CPU.Build.0 = Debug|Any CPU
		{EF0F707E-63BD-4285-A602-D0AA4308FBC4}.Release|Any CPU.ActiveCfg = Release|Any CPU
		{EF0F707E-63BD-4285-A602-D0AA4308FBC4}.Release|Any CPU.Build.0 = Release|Any CPU
		{9CE9B800-28E4-4CF2-8F01-0F3D14FB307F}.Debug|Any CPU.ActiveCfg = Debug|Any CPU
		{9CE9B800-28E4-4CF2-8F01-0F3D14FB307F}.Debug|Any CPU.Build.0 = Debug|Any CPU
		{9CE9B800-28E4-4CF2-8F01-0F3D14FB307F}.Release|Any CPU.ActiveCfg = Release|Any CPU
		{9CE9B800-28E4-4CF2-8F01-0F3D14FB307F}.Release|Any CPU.Build.0 = Release|Any CPU
	EndGlobalSection
	GlobalSection(SolutionProperties) = preSolution
		HideSolutionNode = FALSE
	EndGlobalSection
	GlobalSection(NestedProjects) = preSolution
		{E757BC5B-0545-480E-91A5-5EB9BF672236} = {AED6C757-4E5E-45A8-BE9D-9E93FE0E45B2}
		{098A3F2B-DFF3-4593-A750-D0D81C6E708D} = {C3019F13-AE41-40B4-92C0-EE8929F1E4A0}
		{EF0F707E-63BD-4285-A602-D0AA4308FBC4} = {66989CD6-46B6-4B87-9E59-20067592AE4C}
		{9CE9B800-28E4-4CF2-8F01-0F3D14FB307F} = {AED6C757-4E5E-45A8-BE9D-9E93FE0E45B2}
		{AED6C757-4E5E-45A8-BE9D-9E93FE0E45B2} = {1AF27922-FEF9-4922-946A-E71B4B85AC63}
	EndGlobalSection
EndGlobal
