
Microsoft Visual Studio Solution File, Format Version 12.00
# Visual Studio 2013
VisualStudioVersion = 12.0.31101.0
MinimumVisualStudioVersion = 10.0.40219.1
Project("{FAE04EC0-301F-11D3-BF4B-00C04F79EFBC}") = "GAME.Desktop", "GAME.Desktop\GAME.Desktop.csproj", "{635FB7A7-B72E-4DD3-BD37-DE786C249488}"
	ProjectSection(ProjectDependencies) = postProject
		{E757BC5B-0545-480E-91A5-5EB9BF672236} = {E757BC5B-0545-480E-91A5-5EB9BF672236}
	EndProjectSection
EndProject
Project("{FAE04EC0-301F-11D3-BF4B-00C04F79EFBC}") = "GAME.Modules.Warframe.AlertScanner", "GAME.Modules.AlertScanner\GAME.Modules.Warframe.AlertScanner.csproj", "{E757BC5B-0545-480E-91A5-5EB9BF672236}"
EndProject
Project("{FAE04EC0-301F-11D3-BF4B-00C04F79EFBC}") = "GAME.Common.Core", "GAME.Common\GAME.Common.Core.csproj", "{098A3F2B-DFF3-4593-A750-D0D81C6E708D}"
EndProject
Project("{2150E333-8FDC-42A3-9474-1A3956D46DE8}") = "Modules", "Modules", "{1AF27922-FEF9-4922-946A-E71B4B85AC63}"
EndProject
Project("{2150E333-8FDC-42A3-9474-1A3956D46DE8}") = "Common", "Common", "{C3019F13-AE41-40B4-92C0-EE8929F1E4A0}"
EndProject
Project("{FAE04EC0-301F-11D3-BF4B-00C04F79EFBC}") = "GAME.Common.Missions", "GAME.Common.Missions\GAME.Common.Missions.csproj", "{9271EB28-863F-4BC7-A931-090C71FD4EF4}"
EndProject
Project("{FAE04EC0-301F-11D3-BF4B-00C04F79EFBC}") = "GAME.Common.Items", "GAME.Common.Items\GAME.Common.Items.csproj", "{AD8961C3-9C86-4D90-9E40-18F0EE98643D}"
EndProject
Project("{FAE04EC0-301F-11D3-BF4B-00C04F79EFBC}") = "GAME.Common.Managers", "GAME.Common.Managers.Modules\GAME.Common.Managers.csproj", "{AFEFA6F2-50A8-4A8B-A61C-B8E21679FAE2}"
EndProject
Project("{FAE04EC0-301F-11D3-BF4B-00C04F79EFBC}") = "GAME.Common.Tools", "GAME.Common.Tools.Finder\GAME.Common.Tools.csproj", "{907413E6-5E3C-4641-81ED-BF4BA8FF289B}"
EndProject
Project("{2150E333-8FDC-42A3-9474-1A3956D46DE8}") = "Tests", "Tests", "{66989CD6-46B6-4B87-9E59-20067592AE4C}"
EndProject
Project("{FAE04EC0-301F-11D3-BF4B-00C04F79EFBC}") = "DevTests", "DevTests\DevTests.csproj", "{EF0F707E-63BD-4285-A602-D0AA4308FBC4}"
EndProject
Project("{FAE04EC0-301F-11D3-BF4B-00C04F79EFBC}") = "GAME.Common.Plugin", "GAME.Common.Plugin\GAME.Common.Plugin.csproj", "{8A34B8EC-75E4-4BF1-9F37-36C50448CAB5}"
EndProject
Project("{D954291E-2A0B-460D-934E-DC6B0785DB48}") = "GAME.Shared", "GAME.Shared\GAME.Shared.shproj", "{FC5AD947-E924-4B76-8C97-9468AF609E2A}"
EndProject
Project("{2150E333-8FDC-42A3-9474-1A3956D46DE8}") = "Execs", "Execs", "{0A40AD09-CD7E-4DFB-A961-3B0A784F316E}"
EndProject
Global
	GlobalSection(SharedMSBuildProjectFiles) = preSolution
		GAME.Shared\WAM.Shared.projitems*{fc5ad947-e924-4b76-8c97-9468af609e2a}*SharedItemsImports = 13
		GAME.Shared\WAM.Shared.projitems*{635fb7a7-b72e-4dd3-bd37-de786c249488}*SharedItemsImports = 4
	EndGlobalSection
	GlobalSection(SolutionConfigurationPlatforms) = preSolution
		Debug|Any CPU = Debug|Any CPU
		Release|Any CPU = Release|Any CPU
	EndGlobalSection
	GlobalSection(ProjectConfigurationPlatforms) = postSolution
		{635FB7A7-B72E-4DD3-BD37-DE786C249488}.Debug|Any CPU.ActiveCfg = Debug|Any CPU
		{635FB7A7-B72E-4DD3-BD37-DE786C249488}.Debug|Any CPU.Build.0 = Debug|Any CPU
		{635FB7A7-B72E-4DD3-BD37-DE786C249488}.Release|Any CPU.ActiveCfg = Release|Any CPU
		{635FB7A7-B72E-4DD3-BD37-DE786C249488}.Release|Any CPU.Build.0 = Release|Any CPU
		{E757BC5B-0545-480E-91A5-5EB9BF672236}.Debug|Any CPU.ActiveCfg = Debug|Any CPU
		{E757BC5B-0545-480E-91A5-5EB9BF672236}.Debug|Any CPU.Build.0 = Debug|Any CPU
		{E757BC5B-0545-480E-91A5-5EB9BF672236}.Release|Any CPU.ActiveCfg = Release|Any CPU
		{E757BC5B-0545-480E-91A5-5EB9BF672236}.Release|Any CPU.Build.0 = Release|Any CPU
		{098A3F2B-DFF3-4593-A750-D0D81C6E708D}.Debug|Any CPU.ActiveCfg = Debug|Any CPU
		{098A3F2B-DFF3-4593-A750-D0D81C6E708D}.Debug|Any CPU.Build.0 = Debug|Any CPU
		{098A3F2B-DFF3-4593-A750-D0D81C6E708D}.Release|Any CPU.ActiveCfg = Release|Any CPU
		{098A3F2B-DFF3-4593-A750-D0D81C6E708D}.Release|Any CPU.Build.0 = Release|Any CPU
		{9271EB28-863F-4BC7-A931-090C71FD4EF4}.Debug|Any CPU.ActiveCfg = Debug|Any CPU
		{9271EB28-863F-4BC7-A931-090C71FD4EF4}.Debug|Any CPU.Build.0 = Debug|Any CPU
		{9271EB28-863F-4BC7-A931-090C71FD4EF4}.Release|Any CPU.ActiveCfg = Release|Any CPU
		{9271EB28-863F-4BC7-A931-090C71FD4EF4}.Release|Any CPU.Build.0 = Release|Any CPU
		{AD8961C3-9C86-4D90-9E40-18F0EE98643D}.Debug|Any CPU.ActiveCfg = Debug|Any CPU
		{AD8961C3-9C86-4D90-9E40-18F0EE98643D}.Debug|Any CPU.Build.0 = Debug|Any CPU
		{AD8961C3-9C86-4D90-9E40-18F0EE98643D}.Release|Any CPU.ActiveCfg = Release|Any CPU
		{AD8961C3-9C86-4D90-9E40-18F0EE98643D}.Release|Any CPU.Build.0 = Release|Any CPU
		{AFEFA6F2-50A8-4A8B-A61C-B8E21679FAE2}.Debug|Any CPU.ActiveCfg = Debug|Any CPU
		{AFEFA6F2-50A8-4A8B-A61C-B8E21679FAE2}.Debug|Any CPU.Build.0 = Debug|Any CPU
		{AFEFA6F2-50A8-4A8B-A61C-B8E21679FAE2}.Release|Any CPU.ActiveCfg = Release|Any CPU
		{AFEFA6F2-50A8-4A8B-A61C-B8E21679FAE2}.Release|Any CPU.Build.0 = Release|Any CPU
		{907413E6-5E3C-4641-81ED-BF4BA8FF289B}.Debug|Any CPU.ActiveCfg = Debug|Any CPU
		{907413E6-5E3C-4641-81ED-BF4BA8FF289B}.Debug|Any CPU.Build.0 = Debug|Any CPU
		{907413E6-5E3C-4641-81ED-BF4BA8FF289B}.Release|Any CPU.ActiveCfg = Release|Any CPU
		{907413E6-5E3C-4641-81ED-BF4BA8FF289B}.Release|Any CPU.Build.0 = Release|Any CPU
		{EF0F707E-63BD-4285-A602-D0AA4308FBC4}.Debug|Any CPU.ActiveCfg = Debug|Any CPU
		{EF0F707E-63BD-4285-A602-D0AA4308FBC4}.Debug|Any CPU.Build.0 = Debug|Any CPU
		{EF0F707E-63BD-4285-A602-D0AA4308FBC4}.Release|Any CPU.ActiveCfg = Release|Any CPU
		{EF0F707E-63BD-4285-A602-D0AA4308FBC4}.Release|Any CPU.Build.0 = Release|Any CPU
		{8A34B8EC-75E4-4BF1-9F37-36C50448CAB5}.Debug|Any CPU.ActiveCfg = Debug|Any CPU
		{8A34B8EC-75E4-4BF1-9F37-36C50448CAB5}.Debug|Any CPU.Build.0 = Debug|Any CPU
		{8A34B8EC-75E4-4BF1-9F37-36C50448CAB5}.Release|Any CPU.ActiveCfg = Release|Any CPU
		{8A34B8EC-75E4-4BF1-9F37-36C50448CAB5}.Release|Any CPU.Build.0 = Release|Any CPU
	EndGlobalSection
	GlobalSection(SolutionProperties) = preSolution
		HideSolutionNode = FALSE
	EndGlobalSection
	GlobalSection(NestedProjects) = preSolution
		{E757BC5B-0545-480E-91A5-5EB9BF672236} = {1AF27922-FEF9-4922-946A-E71B4B85AC63}
		{098A3F2B-DFF3-4593-A750-D0D81C6E708D} = {C3019F13-AE41-40B4-92C0-EE8929F1E4A0}
		{9271EB28-863F-4BC7-A931-090C71FD4EF4} = {C3019F13-AE41-40B4-92C0-EE8929F1E4A0}
		{AD8961C3-9C86-4D90-9E40-18F0EE98643D} = {C3019F13-AE41-40B4-92C0-EE8929F1E4A0}
		{AFEFA6F2-50A8-4A8B-A61C-B8E21679FAE2} = {C3019F13-AE41-40B4-92C0-EE8929F1E4A0}
		{907413E6-5E3C-4641-81ED-BF4BA8FF289B} = {C3019F13-AE41-40B4-92C0-EE8929F1E4A0}
		{EF0F707E-63BD-4285-A602-D0AA4308FBC4} = {66989CD6-46B6-4B87-9E59-20067592AE4C}
		{8A34B8EC-75E4-4BF1-9F37-36C50448CAB5} = {C3019F13-AE41-40B4-92C0-EE8929F1E4A0}
	EndGlobalSection
EndGlobal
